<?xml version="1.0" encoding="utf-8"?>
<Project ToolsVersion="4.0" xmlns="http://schemas.microsoft.com/developer/msbuild/2003">
  <ItemGroup>
    <ClCompile Include="stdafx.cpp" />
    <ClCompile Include="App\app.cpp">
      <Filter>API</Filter>
    </ClCompile>
    <ClCompile Include="App\main.cpp">
      <Filter>API</Filter>
    </ClCompile>
    <ClCompile Include="App\SimpleController.cpp">
      <Filter>API</Filter>
    </ClCompile>
    <ClCompile Include="App\SimpleSound.cpp">
      <Filter>API</Filter>
    </ClCompile>
    <ClCompile Include="App\SimpleSprite.cpp">
      <Filter>API</Filter>
    </ClCompile>
    <ClCompile Include="stb_image\stb_image.cpp">
      <Filter>API\third_party\stb_image</Filter>
    </ClCompile>
    <ClCompile Include="miniaudio\miniaudio.cpp">
      <Filter>API\third_party\miniaudio</Filter>
    </ClCompile>
    <ClCompile Include="Game\Core\Scene.cpp">
      <Filter>MiniGolf\Core</Filter>
    </ClCompile>
    <ClCompile Include="Game\Storage\Registry.cpp">
      <Filter>MiniGolf\Storage</Filter>
    </ClCompile>
    <ClCompile Include="Game\Graphics\Camera.cpp">
      <Filter>MiniGolf\Graphics</Filter>
    </ClCompile>
    <ClCompile Include="Game\Managers\GraphicsManager.cpp">
      <Filter>MiniGolf\Managers</Filter>
    </ClCompile>
    <ClCompile Include="Game\Math\Matrix4.cpp">
      <Filter>MiniGolf\Math</Filter>
    </ClCompile>
    <ClCompile Include="Game\Math\Vector2.cpp">
      <Filter>MiniGolf\Math</Filter>
    </ClCompile>
    <ClCompile Include="Game\Math\Vector3.cpp">
      <Filter>MiniGolf\Math</Filter>
    </ClCompile>
    <ClCompile Include="Game\Math\Vector4.cpp">
      <Filter>MiniGolf\Math</Filter>
    </ClCompile>
    <ClCompile Include="Game\Graphics\Renderer.cpp">
      <Filter>MiniGolf\Graphics</Filter>
    </ClCompile>
    <ClCompile Include="Game\Systems\CollisionSystem.cpp">
      <Filter>MiniGolf\Systems</Filter>
    </ClCompile>
    <ClCompile Include="Game\Systems\PhysicsSystem.cpp">
      <Filter>MiniGolf\Systems</Filter>
    </ClCompile>
    <ClCompile Include="Game\Systems\RenderSystem.cpp">
      <Filter>MiniGolf\Systems</Filter>
    </ClCompile>
    <ClCompile Include="Game\Core\EntityFactory.cpp">
      <Filter>MiniGolf\Core</Filter>
    </ClCompile>
    <ClCompile Include="Game\Graphics\HiddenLineRemoval.cpp">
      <Filter>MiniGolf\Graphics</Filter>
    </ClCompile>
    <ClCompile Include="Game\Systems\PlayerSystem.cpp">
      <Filter>MiniGolf\Systems</Filter>
    </ClCompile>
    <ClCompile Include="Game\Scenes\PlayScene.cpp">
      <Filter>MiniGolf\Scenes</Filter>
    </ClCompile>
    <ClCompile Include="GameTest.cpp">
      <Filter>MiniGolf</Filter>
    </ClCompile>
    <ClCompile Include="Game\Scenes\LevelOneScene.cpp">
      <Filter>MiniGolf\Scenes</Filter>
    </ClCompile>
    <ClCompile Include="Game\Core\Logger.cpp">
      <Filter>MiniGolf\Core</Filter>
    </ClCompile>
    <ClCompile Include="Game\Scenes\MainMenuScene.cpp">
      <Filter>MiniGolf\Scenes</Filter>
    </ClCompile>
    <ClCompile Include="Game\Math\Matrix3.cpp">
      <Filter>MiniGolf\Math</Filter>
    </ClCompile>
    <ClCompile Include="Game\Systems\MenuSystem.cpp">
      <Filter>MiniGolf\Systems</Filter>
    </ClCompile>
    <ClCompile Include="Game\Math\Octree.cpp">
      <Filter>MiniGolf\Math</Filter>
    </ClCompile>
    <ClCompile Include="Game\Math\Quadtree.cpp">
      <Filter>MiniGolf\Math</Filter>
    </ClCompile>
    <ClCompile Include="Game\Systems\ParticleSystem.cpp">
      <Filter>MiniGolf\Systems</Filter>
    </ClCompile>
    <ClCompile Include="Game\Managers\PlayerManager.cpp">
      <Filter>MiniGolf\Managers</Filter>
    </ClCompile>
    <ClCompile Include="Game\Math\Quaternion.cpp">
      <Filter>MiniGolf\Math</Filter>
    </ClCompile>
    <ClCompile Include="Game\Scenes\ResultsScene.cpp">
      <Filter>MiniGolf\Scenes</Filter>
    </ClCompile>
    <ClCompile Include="Game\Systems\ResultsSystem.cpp">
      <Filter>MiniGolf\Systems</Filter>
    </ClCompile>
    <ClCompile Include="Game\Core\Semaphore.cpp">
      <Filter>MiniGolf\Core</Filter>
    </ClCompile>
    <ClCompile Include="Game\Core\SemaphoreGuard.cpp">
      <Filter>MiniGolf\Core</Filter>
    </ClCompile>
    <ClCompile Include="Game\Systems\UISystem.cpp">
      <Filter>MiniGolf\Systems</Filter>
    </ClCompile>
  </ItemGroup>
  <ItemGroup>
    <ClInclude Include="stdafx.h" />
    <ClInclude Include="App\app.h">
      <Filter>API</Filter>
    </ClInclude>
    <ClInclude Include="App\AppSettings.h">
      <Filter>API</Filter>
    </ClInclude>
    <ClInclude Include="App\main.h">
      <Filter>API</Filter>
    </ClInclude>
    <ClInclude Include="App\SimpleController.h">
      <Filter>API</Filter>
    </ClInclude>
    <ClInclude Include="App\SimpleSound.h">
      <Filter>API</Filter>
    </ClInclude>
    <ClInclude Include="App\SimpleSprite.h">
      <Filter>API</Filter>
    </ClInclude>
    <ClInclude Include="targetver.h">
      <Filter>API</Filter>
    </ClInclude>
    <ClInclude Include="stb_image\stb_image.h">
      <Filter>API\third_party\stb_image</Filter>
    </ClInclude>
    <ClInclude Include="miniaudio\miniaudio.h">
      <Filter>API\third_party\miniaudio</Filter>
    </ClInclude>
    <ClInclude Include="Game\Core\Scene.h">
      <Filter>MiniGolf\Core</Filter>
    </ClInclude>
    <ClInclude Include="Game\Storage\ComponentArray.h">
      <Filter>MiniGolf\Storage</Filter>
    </ClInclude>
    <ClInclude Include="Game\Storage\IComponentArray.h">
      <Filter>MiniGolf\Storage</Filter>
    </ClInclude>
    <ClInclude Include="Game\Storage\Registry.h">
      <Filter>MiniGolf\Storage</Filter>
    </ClInclude>
    <ClInclude Include="Game\Core\Event.h">
      <Filter>MiniGolf\Core</Filter>
    </ClInclude>
    <ClInclude Include="Game\Graphics\Camera.h">
      <Filter>MiniGolf\Graphics</Filter>
    </ClInclude>
    <ClInclude Include="Game\Core\Collision.h">
      <Filter>MiniGolf\Core</Filter>
    </ClInclude>
    <ClInclude Include="Game\Core\Components.h">
      <Filter>MiniGolf\Core</Filter>
    </ClInclude>
    <ClInclude Include="Game\Managers\GraphicsManager.h">
      <Filter>MiniGolf\Managers</Filter>
    </ClInclude>
    <ClInclude Include="Game\Math\Matrix4.h">
      <Filter>MiniGolf\Math</Filter>
    </ClInclude>
    <ClInclude Include="Game\Graphics\Mesh.h">
      <Filter>MiniGolf\Graphics</Filter>
    </ClInclude>
    <ClInclude Include="Game\Graphics\Model.h">
      <Filter>MiniGolf\Graphics</Filter>
    </ClInclude>
    <ClInclude Include="Game\Managers\SceneManager.h">
      <Filter>MiniGolf\Managers</Filter>
    </ClInclude>
    <ClInclude Include="Game\Math\Vector2.h">
      <Filter>MiniGolf\Math</Filter>
    </ClInclude>
    <ClInclude Include="Game\Math\Vector3.h">
      <Filter>MiniGolf\Math</Filter>
    </ClInclude>
    <ClInclude Include="Game\Math\Vector4.h">
      <Filter>MiniGolf\Math</Filter>
    </ClInclude>
    <ClInclude Include="Game\Math\MathUtil.h">
      <Filter>MiniGolf\Math</Filter>
    </ClInclude>
    <ClInclude Include="Game\Graphics\Renderer.h">
      <Filter>MiniGolf\Graphics</Filter>
    </ClInclude>
    <ClInclude Include="Game\Systems\CollisionSystem.h">
      <Filter>MiniGolf\Systems</Filter>
    </ClInclude>
    <ClInclude Include="Game\Systems\PhysicsSystem.h">
      <Filter>MiniGolf\Systems</Filter>
    </ClInclude>
    <ClInclude Include="Game\Systems\RenderSystem.h">
      <Filter>MiniGolf\Systems</Filter>
    </ClInclude>
    <ClInclude Include="Game\Graphics\Edge.h">
      <Filter>MiniGolf\Graphics</Filter>
    </ClInclude>
    <ClInclude Include="Game\Math\BoundingBox.h">
      <Filter>MiniGolf\Math</Filter>
    </ClInclude>
    <ClInclude Include="Game\Math\BoundingBoxTests.h">
      <Filter>MiniGolf\Math</Filter>
    </ClInclude>
    <ClInclude Include="Game\Math\BoundingSphere.h">
      <Filter>MiniGolf\Math</Filter>
    </ClInclude>
    <ClInclude Include="Game\Math\BoundingSphereTests.h">
      <Filter>MiniGolf\Math</Filter>
    </ClInclude>
    <ClInclude Include="Game\Core\Entity.h">
      <Filter>MiniGolf\Core</Filter>
    </ClInclude>
    <ClInclude Include="Game\Core\EntityFactory.h">
      <Filter>MiniGolf\Core</Filter>
    </ClInclude>
    <ClInclude Include="Game\Managers\EventManager.h">
      <Filter>MiniGolf\Managers</Filter>
    </ClInclude>
    <ClInclude Include="Game\Graphics\HiddenLineRemoval.h">
      <Filter>MiniGolf\Graphics</Filter>
    </ClInclude>
    <ClInclude Include="Game\Systems\PlayerSystem.h">
      <Filter>MiniGolf\Systems</Filter>
    </ClInclude>
    <ClInclude Include="Game\Scenes\PlayScene.h">
      <Filter>MiniGolf\Scenes</Filter>
    </ClInclude>
    <ClInclude Include="Game\Scenes\LevelOneScene.h">
      <Filter>MiniGolf\Scenes</Filter>
    </ClInclude>
    <ClInclude Include="Game\Core\Logger.h">
      <Filter>MiniGolf\Core</Filter>
    </ClInclude>
    <ClInclude Include="Game\Scenes\MainMenuScene.h">
      <Filter>MiniGolf\Scenes</Filter>
    </ClInclude>
    <ClInclude Include="Game\Math\Matrix4Tests.h">
      <Filter>MiniGolf\Math</Filter>
    </ClInclude>
    <ClInclude Include="Game\Math\Matrix3.h">
      <Filter>MiniGolf\Math</Filter>
    </ClInclude>
    <ClInclude Include="Game\Math\Matrix3Tests.h">
      <Filter>MiniGolf\Math</Filter>
    </ClInclude>
    <ClInclude Include="Game\Systems\MenuSystem.h">
      <Filter>MiniGolf\Systems</Filter>
    </ClInclude>
    <ClInclude Include="Game\Math\OctreeTests.h">
      <Filter>MiniGolf\Math</Filter>
    </ClInclude>
    <ClInclude Include="Game\Math\Octree.h">
      <Filter>MiniGolf\Math</Filter>
    </ClInclude>
    <ClInclude Include="Game\Math\Quadtree.h">
      <Filter>MiniGolf\Math</Filter>
    </ClInclude>
    <ClInclude Include="Game\Math\QuadtreeTests.h">
      <Filter>MiniGolf\Math</Filter>
    </ClInclude>
    <ClInclude Include="Game\Systems\ParticleSystem.h">
      <Filter>MiniGolf\Systems</Filter>
    </ClInclude>
    <ClInclude Include="Game\Managers\PlayerManager.h">
      <Filter>MiniGolf\Managers</Filter>
    </ClInclude>
    <ClInclude Include="Game\Math\Quaternion.h">
      <Filter>MiniGolf\Math</Filter>
    </ClInclude>
    <ClInclude Include="Game\Math\QuaternionTests.h">
      <Filter>MiniGolf\Math</Filter>
    </ClInclude>
    <ClInclude Include="Game\Scenes\ResultsScene.h">
      <Filter>MiniGolf\Scenes</Filter>
    </ClInclude>
    <ClInclude Include="Game\Systems\ResultsSystem.h">
      <Filter>MiniGolf\Systems</Filter>
    </ClInclude>
    <ClInclude Include="Game\Core\Semaphore.h">
      <Filter>MiniGolf\Core</Filter>
    </ClInclude>
    <ClInclude Include="Game\Core\SemaphoreGuard.h">
      <Filter>MiniGolf\Core</Filter>
    </ClInclude>
    <ClInclude Include="Game\Core\Tests.h">
      <Filter>MiniGolf\Core</Filter>
    </ClInclude>
    <ClInclude Include="Game\Core\TestResult.h">
      <Filter>MiniGolf\Core</Filter>
    </ClInclude>
    <ClInclude Include="Game\Systems\UISystem.h">
      <Filter>MiniGolf\Systems</Filter>
    </ClInclude>
    <ClInclude Include="Game\Math\Vector4Tests.h">
      <Filter>MiniGolf\Math</Filter>
    </ClInclude>
    <ClInclude Include="Game\Math\Vector3Tests.h">
      <Filter>MiniGolf\Math</Filter>
    </ClInclude>
    <ClInclude Include="Game\Math\Vector2Tests.h">
      <Filter>MiniGolf\Math</Filter>
    </ClInclude>
    <ClInclude Include="Game\Storage\View.h">
      <Filter>MiniGolf\Storage</Filter>
    </ClInclude>
    <ClInclude Include="Game\Graphics\Triangle.h">
      <Filter>MiniGolf\Graphics</Filter>
    </ClInclude>
  </ItemGroup>
  <ItemGroup>
    <Filter Include="API">
      <UniqueIdentifier>{f318918d-bb9f-4402-ae1c-4f72186d16f6}</UniqueIdentifier>
    </Filter>
    <Filter Include="API\third_party">
      <UniqueIdentifier>{27bd8d9d-bd08-4004-9045-4e86e26c901f}</UniqueIdentifier>
    </Filter>
    <Filter Include="API\third_party\miniaudio">
      <UniqueIdentifier>{957ea575-fd4f-4ede-b4f9-66b4022639a5}</UniqueIdentifier>
    </Filter>
    <Filter Include="API\third_party\stb_image">
      <UniqueIdentifier>{61cfc19b-c57e-4021-b530-bac172fcba86}</UniqueIdentifier>
    </Filter>
    <Filter Include="MiniGolf">
      <UniqueIdentifier>{68d2aa26-4a52-4b6e-8aea-0c4cb38c5557}</UniqueIdentifier>
    </Filter>
    <Filter Include="MiniGolf\Core">
      <UniqueIdentifier>{a04ecd66-0bda-404d-8b81-d576c609a571}</UniqueIdentifier>
    </Filter>
    <Filter Include="MiniGolf\Graphics">
      <UniqueIdentifier>{9accd578-0043-4009-8517-ab61a21dccbf}</UniqueIdentifier>
    </Filter>
    <Filter Include="MiniGolf\Managers">
      <UniqueIdentifier>{58beccc2-562a-4a24-8e7a-5304b59811dd}</UniqueIdentifier>
    </Filter>
    <Filter Include="MiniGolf\Storage">
      <UniqueIdentifier>{aaf50c06-cc55-4208-af09-e8a48ad24d46}</UniqueIdentifier>
    </Filter>
    <Filter Include="MiniGolf\Math">
      <UniqueIdentifier>{4c6fdfb3-ed3f-49a8-b3ce-4fdc57a85a2c}</UniqueIdentifier>
    </Filter>
    <Filter Include="MiniGolf\Systems">
      <UniqueIdentifier>{a3e25f73-bb89-4141-ab01-41811c77805e}</UniqueIdentifier>
    </Filter>
    <Filter Include="MiniGolf\Scenes">
      <UniqueIdentifier>{4c82dc5c-133b-4bee-a562-1f9f57397072}</UniqueIdentifier>
    </Filter>
  </ItemGroup>
  <ItemGroup>
    <Text Include="ReadMe.txt">
      <Filter>API</Filter>
    </Text>
  </ItemGroup>
</Project>